Microsoft Visual Studio Solution File, Format Version 12.00
# Visual Studio 2012
Project("{FAE04EC0-301F-11D3-BF4B-00C04F79EFBC}") = "metasploit-gui", "metasploit-gui.csproj", "{E05C1C0D-6EDE-454F-865D-AB0E05C2741C}"
EndProject
Global
	GlobalSection(SolutionConfigurationPlatforms) = preSolution
	Debug|Any CPU = Debug|Any CPU
	ExportDebug|Any CPU = ExportDebug|Any CPU
	ExportRelease|Any CPU = ExportRelease|Any CPU
	EndGlobalSection
	GlobalSection(ProjectConfigurationPlatforms) = postSolution
		{E05C1C0D-6EDE-454F-865D-AB0E05C2741C}.Debug|Any CPU.ActiveCfg = Debug|Any CPU
		{E05C1C0D-6EDE-454F-865D-AB0E05C2741C}.Debug|Any CPU.Build.0 = Debug|Any CPU
		{E05C1C0D-6EDE-454F-865D-AB0E05C2741C}.ExportDebug|Any CPU.ActiveCfg = ExportDebug|Any CPU
		{E05C1C0D-6EDE-454F-865D-AB0E05C2741C}.ExportDebug|Any CPU.Build.0 = ExportDebug|Any CPU
		{E05C1C0D-6EDE-454F-865D-AB0E05C2741C}.ExportRelease|Any CPU.ActiveCfg = ExportRelease|Any CPU
		{E05C1C0D-6EDE-454F-865D-AB0E05C2741C}.ExportRelease|Any CPU.Build.0 = ExportRelease|Any CPU
	EndGlobalSection
EndGlobal
